Microsoft Visual Studio Solution File, Format Version 12.00
# Visual Studio Version 17
VisualStudioVersion = 17.0.31611.283
MinimumVisualStudioVersion = 10.0.40219.1
Project("{9A19103F-16F7-4668-BE54-9A1E7A4F7556}") = "MagnanimousLyricsAndChords", "MagnanimousLyricsAndChords\MagnanimousLyricsAndChords.csproj", "{3B91B86A-EA99-4129-B035-0A395B641CEB}"
EndProject
Project("{9A19103F-16F7-4668-BE54-9A1E7A4F7556}") = "MagnanimousLyricsAndChords.API", "..\MagnanimousLyricsAndChordsAPI\MagnanimousLyricsAndChords.API\MagnanimousLyricsAndChords.API.csproj", "{497A5AEF-E6AC-4100-A6DA-6BB8D3A2668D}"
EndProject
Project("{9A19103F-16F7-4668-BE54-9A1E7A4F7556}") = "MagnanimousLyricsAndChords.Web", "..\MagnanimousLyricsAndChordsWEB\MagnanimousLyricsAndChords.Web\MagnanimousLyricsAndChords.Web.csproj", "{61B023D6-E017-4054-9658-512D773D47C0}"
EndProject
Project("{9A19103F-16F7-4668-BE54-9A1E7A4F7556}") = "MagnanimousLyricsAndChords.Components", "MagnanimousLyricsAndChords.Components\MagnanimousLyricsAndChords.Components.csproj", "{91DB3F8A-176F-438E-96B7-D524C35206AD}"
EndProject
Global
	GlobalSection(SolutionConfigurationPlatforms) = preSolution
		Debug|Any CPU = Debug|Any CPU
		Release|Any CPU = Release|Any CPU
	EndGlobalSection
	GlobalSection(ProjectConfigurationPlatforms) = postSolution
		{3B91B86A-EA99-4129-B035-0A395B641CEB}.Debug|Any CPU.ActiveCfg = Debug|Any CPU
		{3B91B86A-EA99-4129-B035-0A395B641CEB}.Debug|Any CPU.Build.0 = Debug|Any CPU
		{3B91B86A-EA99-4129-B035-0A395B641CEB}.Debug|Any CPU.Deploy.0 = Debug|Any CPU
		{3B91B86A-EA99-4129-B035-0A395B641CEB}.Release|Any CPU.ActiveCfg = Release|Any CPU
		{3B91B86A-EA99-4129-B035-0A395B641CEB}.Release|Any CPU.Build.0 = Release|Any CPU
		{3B91B86A-EA99-4129-B035-0A395B641CEB}.Release|Any CPU.Deploy.0 = Release|Any CPU
		{497A5AEF-E6AC-4100-A6DA-6BB8D3A2668D}.Debug|Any CPU.ActiveCfg = Debug|Any CPU
		{497A5AEF-E6AC-4100-A6DA-6BB8D3A2668D}.Debug|Any CPU.Build.0 = Debug|Any CPU
		{497A5AEF-E6AC-4100-A6DA-6BB8D3A2668D}.Release|Any CPU.ActiveCfg = Release|Any CPU
		{497A5AEF-E6AC-4100-A6DA-6BB8D3A2668D}.Release|Any CPU.Build.0 = Release|Any CPU
		{61B023D6-E017-4054-9658-512D773D47C0}.Debug|Any CPU.ActiveCfg = Debug|Any CPU
		{61B023D6-E017-4054-9658-512D773D47C0}.Debug|Any CPU.Build.0 = Debug|Any CPU
		{61B023D6-E017-4054-9658-512D773D47C0}.Release|Any CPU.ActiveCfg = Release|Any CPU
		{61B023D6-E017-4054-9658-512D773D47C0}.Release|Any CPU.Build.0 = Release|Any CPU
		{91DB3F8A-176F-438E-96B7-D524C35206AD}.Debug|Any CPU.ActiveCfg = Debug|Any CPU
		{91DB3F8A-176F-438E-96B7-D524C35206AD}.Debug|Any CPU.Build.0 = Debug|Any CPU
		{91DB3F8A-176F-438E-96B7-D524C35206AD}.Release|Any CPU.ActiveCfg = Release|Any CPU
		{91DB3F8A-176F-438E-96B7-D524C35206AD}.Release|Any CPU.Build.0 = Release|Any CPU
	EndGlobalSection
	GlobalSection(SolutionProperties) = preSolution
		HideSolutionNode = FALSE
	EndGlobalSection
	GlobalSection(ExtensibilityGlobals) = postSolution
		SolutionGuid = {EBE59284-6D4E-4964-904A-7F81DF6788B0}
		        SolutionGuid = {61F7FB11-1E47-470C-91E2-47F8143E1572}
	EndGlobalSection
EndGlobal
